// !$*UTF8*$!
{
	archiveVersion = 1;
	classes = {
	};
	objectVersion = 50;
	objects = {

/* Begin PBXBuildFile section */
		9949C891C77A78401653A1B0 /* Pods_CustomDelegates.framework in Frameworks */ = {isa = PBXBuildFile; fileRef = 3D1A29CB9E73ABB8F22C696D /* Pods_CustomDelegates.framework */; };
		C409D42922598BD500C7618C /* AppDelegate.swift in Sources */ = {isa = PBXBuildFile; fileRef = C409D42822598BD500C7618C /* AppDelegate.swift */; };
		C409D42B22598BD500C7618C /* TodayController.swift in Sources */ = {isa = PBXBuildFile; fileRef = C409D42A22598BD500C7618C /* TodayController.swift */; };
		C409D42E22598BD500C7618C /* Main.storyboard in Resources */ = {isa = PBXBuildFile; fileRef = C409D42C22598BD500C7618C /* Main.storyboard */; };
		C409D43022598BD600C7618C /* Assets.xcassets in Resources */ = {isa = PBXBuildFile; fileRef = C409D42F22598BD600C7618C /* Assets.xcassets */; };
		C409D43322598BD600C7618C /* LaunchScreen.storyboard in Resources */ = {isa = PBXBuildFile; fileRef = C409D43122598BD600C7618C /* LaunchScreen.storyboard */; };
		C4A116AE22599AB300D948BF /* DetailController.swift in Sources */ = {isa = PBXBuildFile; fileRef = C4A116AD22599AB300D948BF /* DetailController.swift */; };
		C4CBFD5022598D5F00EB5A73 /* BaseListController.swift in Sources */ = {isa = PBXBuildFile; fileRef = C4CBFD4F22598D5F00EB5A73 /* BaseListController.swift */; };
		C4CBFD5222598E3A00EB5A73 /* UIView+Layout.swift in Sources */ = {isa = PBXBuildFile; fileRef = C4CBFD5122598E3A00EB5A73 /* UIView+Layout.swift */; };
		C4CBFD5422598E4600EB5A73 /* Extensions.swift in Sources */ = {isa = PBXBuildFile; fileRef = C4CBFD5322598E4600EB5A73 /* Extensions.swift */; };
		C4CBFD5622598E9000EB5A73 /* TodayCell.swift in Sources */ = {isa = PBXBuildFile; fileRef = C4CBFD5522598E9000EB5A73 /* TodayCell.swift */; };
/* End PBXBuildFile section */

/* Begin PBXFileReference section */
		3D1A29CB9E73ABB8F22C696D /* Pods_CustomDelegates.framework */ = {isa = PBXFileReference; explicitFileType = wrapper.framework; includeInIndex = 0; path = Pods_CustomDelegates.framework; sourceTree = BUILT_PRODUCTS_DIR; };
		6069375710A5331FCA542240 /* Pods-CustomDelegates.debug.xcconfig */ = {isa = PBXFileReference; includeInIndex = 1; lastKnownFileType = text.xcconfig; name = "Pods-CustomDelegates.debug.xcconfig"; path = "Target Support Files/Pods-CustomDelegates/Pods-CustomDelegates.debug.xcconfig"; sourceTree = "<group>"; };
		6F50EA7FB9A81A4D617E14DA /* Pods-CustomDelegates.release.xcconfig */ = {isa = PBXFileReference; includeInIndex = 1; lastKnownFileType = text.xcconfig; name = "Pods-CustomDelegates.release.xcconfig"; path = "Target Support Files/Pods-CustomDelegates/Pods-CustomDelegates.release.xcconfig"; sourceTree = "<group>"; };
		C409D42522598BD500C7618C /* CustomDelegates.app */ = {isa = PBXFileReference; explicitFileType = wrapper.application; includeInIndex = 0; path = CustomDelegates.app; sourceTree = BUILT_PRODUCTS_DIR; };
		C409D42822598BD500C7618C /* AppDelegate.swift */ = {isa = PBXFileReference; lastKnownFileType = sourcecode.swift; path = AppDelegate.swift; sourceTree = "<group>"; };
		C409D42A22598BD500C7618C /* TodayController.swift */ = {isa = PBXFileReference; lastKnownFileType = sourcecode.swift; path = TodayController.swift; sourceTree = "<group>"; };
		C409D42D22598BD500C7618C /* Base */ = {isa = PBXFileReference; lastKnownFileType = file.storyboard; name = Base; path = Base.lproj/Main.storyboard; sourceTree = "<group>"; };
		C409D42F22598BD600C7618C /* Assets.xcassets */ = {isa = PBXFileReference; lastKnownFileType = folder.assetcatalog; path = Assets.xcassets; sourceTree = "<group>"; };
		C409D43222598BD600C7618C /* Base */ = {isa = PBXFileReference; lastKnownFileType = file.storyboard; name = Base; path = Base.lproj/LaunchScreen.storyboard; sourceTree = "<group>"; };
		C409D43422598BD600C7618C /* Info.plist */ = {isa = PBXFileReference; lastKnownFileType = text.plist.xml; path = Info.plist; sourceTree = "<group>"; };
		C4A116AD22599AB300D948BF /* DetailController.swift */ = {isa = PBXFileReference; lastKnownFileType = sourcecode.swift; path = DetailController.swift; sourceTree = "<group>"; };
		C4CBFD4F22598D5F00EB5A73 /* BaseListController.swift */ = {isa = PBXFileReference; lastKnownFileType = sourcecode.swift; path = BaseListController.swift; sourceTree = "<group>"; };
		C4CBFD5122598E3A00EB5A73 /* UIView+Layout.swift */ = {isa = PBXFileReference; fileEncoding = 4; lastKnownFileType = sourcecode.swift; name = "UIView+Layout.swift"; path = "../../CustomVCTransitionsStarter/CustomVCTransitions/UIView+Layout.swift"; sourceTree = "<group>"; };
		C4CBFD5322598E4600EB5A73 /* Extensions.swift */ = {isa = PBXFileReference; lastKnownFileType = sourcecode.swift; path = Extensions.swift; sourceTree = "<group>"; };
		C4CBFD5522598E9000EB5A73 /* TodayCell.swift */ = {isa = PBXFileReference; lastKnownFileType = sourcecode.swift; path = TodayCell.swift; sourceTree = "<group>"; };
/* End PBXFileReference section */

/* Begin PBXFrameworksBuildPhase section */
		C409D42222598BD500C7618C /* Frameworks */ = {
			isa = PBXFrameworksBuildPhase;
			buildActionMask = 2147483647;
			files = (
				9949C891C77A78401653A1B0 /* Pods_CustomDelegates.framework in Frameworks */,
			);
			runOnlyForDeploymentPostprocessing = 0;
		};
/* End PBXFrameworksBuildPhase section */

/* Begin PBXGroup section */
		6307161093597C40EDDD0DB3 /* Pods */ = {
			isa = PBXGroup;
			children = (
				6069375710A5331FCA542240 /* Pods-CustomDelegates.debug.xcconfig */,
				6F50EA7FB9A81A4D617E14DA /* Pods-CustomDelegates.release.xcconfig */,
			);
			name = Pods;
			path = Pods;
			sourceTree = "<group>";
		};
		8D2431E4506D3D8A2D4C51BA /* Frameworks */ = {
			isa = PBXGroup;
			children = (
				3D1A29CB9E73ABB8F22C696D /* Pods_CustomDelegates.framework */,
			);
			name = Frameworks;
			sourceTree = "<group>";
		};
		C409D41C22598BD500C7618C = {
			isa = PBXGroup;
			children = (
				C409D42722598BD500C7618C /* CustomDelegates */,
				6307161093597C40EDDD0DB3 /* Pods */,
				8D2431E4506D3D8A2D4C51BA /* Frameworks */,
			);
			sourceTree = "<group>";
		};
		C409D42622598BD500C7618C /* Products */ = {
			isa = PBXGroup;
			children = (
				C409D42522598BD500C7618C /* CustomDelegates.app */,
			);
			name = Products;
			path = ..;
			sourceTree = "<group>";
		};
		C409D42722598BD500C7618C /* CustomDelegates */ = {
			isa = PBXGroup;
			children = (
				C4A116AC22599A1E00D948BF /* Controllers */,
				C409D42822598BD500C7618C /* AppDelegate.swift */,
				C4CBFD5522598E9000EB5A73 /* TodayCell.swift */,
				C4CBFD5122598E3A00EB5A73 /* UIView+Layout.swift */,
				C4CBFD5322598E4600EB5A73 /* Extensions.swift */,
				C409D42622598BD500C7618C /* Products */,
				C409D42C22598BD500C7618C /* Main.storyboard */,
				C409D42F22598BD600C7618C /* Assets.xcassets */,
				C409D43122598BD600C7618C /* LaunchScreen.storyboard */,
				C409D43422598BD600C7618C /* Info.plist */,
			);
			path = CustomDelegates;
			sourceTree = "<group>";
		};
		C4A116AC22599A1E00D948BF /* Controllers */ = {
			isa = PBXGroup;
			children = (
				C409D42A22598BD500C7618C /* TodayController.swift */,
				C4CBFD4F22598D5F00EB5A73 /* BaseListController.swift */,
				C4A116AD22599AB300D948BF /* DetailController.swift */,
			);
			path = Controllers;
			sourceTree = "<group>";
		};
/* End PBXGroup section */

/* Begin PBXNativeTarget section */
		C409D42422598BD500C7618C /* CustomDelegates */ = {
			isa = PBXNativeTarget;
			buildConfigurationList = C409D43722598BD600C7618C /* Build configuration list for PBXNativeTarget "CustomDelegates" */;
			buildPhases = (
				E0733DEF14865025512C4B65 /* [CP] Check Pods Manifest.lock */,
				C409D42122598BD500C7618C /* Sources */,
				C409D42222598BD500C7618C /* Frameworks */,
				C409D42322598BD500C7618C /* Resources */,
				FEC84BD559F03641F10B7F97 /* [CP] Embed Pods Frameworks */,
			);
			buildRules = (
			);
			dependencies = (
			);
			name = CustomDelegates;
			productName = CustomDelegates;
			productReference = C409D42522598BD500C7618C /* CustomDelegates.app */;
			productType = "com.apple.product-type.application";
		};
/* End PBXNativeTarget section */

/* Begin PBXProject section */
		C409D41D22598BD500C7618C /* Project object */ = {
			isa = PBXProject;
			attributes = {
				LastSwiftUpdateCheck = 1020;
				LastUpgradeCheck = 1020;
				ORGANIZATIONNAME = "Tim Ng";
				TargetAttributes = {
					C409D42422598BD500C7618C = {
						CreatedOnToolsVersion = 10.2;
					};
				};
			};
			buildConfigurationList = C409D42022598BD500C7618C /* Build configuration list for PBXProject "CustomDelegates" */;
			compatibilityVersion = "Xcode 9.3";
			developmentRegion = en;
			hasScannedForEncodings = 0;
			knownRegions = (
				en,
				Base,
			);
			mainGroup = C409D41C22598BD500C7618C;
			productRefGroup = C409D42622598BD500C7618C /* Products */;
			projectDirPath = "";
			projectRoot = "";
			targets = (
				C409D42422598BD500C7618C /* CustomDelegates */,
			);
		};
/* End PBXProject section */

/* Begin PBXResourcesBuildPhase section */
		C409D42322598BD500C7618C /* Resources */ = {
			isa = PBXResourcesBuildPhase;
			buildActionMask = 2147483647;
			files = (
				C409D43322598BD600C7618C /* LaunchScreen.storyboard in Resources */,
				C409D43022598BD600C7618C /* Assets.xcassets in Resources */,
				C409D42E22598BD500C7618C /* Main.storyboard in Resources */,
			);
			runOnlyForDeploymentPostprocessing = 0;
		};
/* End PBXResourcesBuildPhase section */

/* Begin PBXShellScriptBuildPhase section */
		E0733DEF14865025512C4B65 /* [CP] Check Pods Manifest.lock */ = {
			isa = PBXShellScriptBuildPhase;
			buildActionMask = 2147483647;
			files = (
			);
			inputFileListPaths = (
			);
			inputPaths = (
				"${PODS_PODFILE_DIR_PATH}/Podfile.lock",
				"${PODS_ROOT}/Manifest.lock",
			);
			name = "[CP] Check Pods Manifest.lock";
			outputFileListPaths = (
			);
			outputPaths = (
				"$(DERIVED_FILE_DIR)/Pods-CustomDelegates-checkManifestLockResult.txt",
			);
			runOnlyForDeploymentPostprocessing = 0;
			shellPath = /bin/sh;
			shellScript = "diff \"${PODS_PODFILE_DIR_PATH}/Podfile.lock\" \"${PODS_ROOT}/Manifest.lock\" > /dev/null\nif [ $? != 0 ] ; then\n    # print error to STDERR\n    echo \"error: The sandbox is not in sync with the Podfile.lock. Run 'pod install' or update your CocoaPods installation.\" >&2\n    exit 1\nfi\n# This output is used by Xcode 'outputs' to avoid re-running this script phase.\necho \"SUCCESS\" > \"${SCRIPT_OUTPUT_FILE_0}\"\n";
			showEnvVarsInLog = 0;
		};
		FEC84BD559F03641F10B7F97 /* [CP] Embed Pods Frameworks */ = {
			isa = PBXShellScriptBuildPhase;
			buildActionMask = 2147483647;
			files = (
			);
			inputFileListPaths = (
			);
			inputPaths = (
				"${PODS_ROOT}/Target Support Files/Pods-CustomDelegates/Pods-CustomDelegates-frameworks.sh",
				"${BUILT_PRODUCTS_DIR}/SAConfettiView/SAConfettiView.framework",
			);
			name = "[CP] Embed Pods Frameworks";
			outputFileListPaths = (
			);
			outputPaths = (
				"${TARGET_BUILD_DIR}/${FRAMEWORKS_FOLDER_PATH}/SAConfettiView.framework",
			);
			runOnlyForDeploymentPostprocessing = 0;
			shellPath = /bin/sh;
			shellScript = "\"${PODS_ROOT}/Target Support Files/Pods-CustomDelegates/Pods-CustomDelegates-frameworks.sh\"\n";
			showEnvVarsInLog = 0;
		};
/* End PBXShellScriptBuildPhase section */

/* Begin PBXSourcesBuildPhase section */
		C409D42122598BD500C7618C /* Sources */ = {
			isa = PBXSourcesBuildPhase;
			buildActionMask = 2147483647;
			files = (
				C4CBFD5422598E4600EB5A73 /* Extensions.swift in Sources */,
				C4A116AE22599AB300D948BF /* DetailController.swift in Sources */,
				C4CBFD5222598E3A00EB5A73 /* UIView+Layout.swift in Sources */,
				C409D42B22598BD500C7618C /* TodayController.swift in Sources */,
				C4CBFD5022598D5F00EB5A73 /* BaseListController.swift in Sources */,
				C409D42922598BD500C7618C /* AppDelegate.swift in Sources */,
				C4CBFD5622598E9000EB5A73 /* TodayCell.swift in Sources */,
			);
			runOnlyForDeploymentPostprocessing = 0;
		};
/* End PBXSourcesBuildPhase section */

/* Begin PBXVariantGroup section */
		C409D42C22598BD500C7618C /* Main.storyboard */ = {
			isa = PBXVariantGroup;
			children = (
				C409D42D22598BD500C7618C /* Base */,
			);
			name = Main.storyboard;
			sourceTree = "<group>";
		};
		C409D43122598BD600C7618C /* LaunchScreen.storyboard */ = {
			isa = PBXVariantGroup;
			children = (
				C409D43222598BD600C7618C /* Base */,
			);
			name = LaunchScreen.storyboard;
			sourceTree = "<group>";
		};
/* End PBXVariantGroup section */

/* Begin XCBuildConfiguration section */
		C409D43522598BD600C7618C /* Debug */ = {
			isa = XCBuildConfiguration;
			buildSettings = {
				ALWAYS_SEARCH_USER_PATHS = NO;
				CLANG_ANALYZER_NONNULL = YES;
				CLANG_ANALYZER_NUMBER_OBJECT_CONVERSION = YES_AGGRESSIVE;
				CLANG_CXX_LANGUAGE_STANDARD = "gnu++14";
				CLANG_CXX_LIBRARY = "libc++";
				CLANG_ENABLE_MODULES = YES;
				CLANG_ENABLE_OBJC_ARC = YES;
				CLANG_ENABLE_OBJC_WEAK = YES;
				CLANG_WARN_BLOCK_CAPTURE_AUTORELEASING = YES;
				CLANG_WARN_BOOL_CONVERSION = YES;
				CLANG_WARN_COMMA = YES;
				CLANG_WARN_CONSTANT_CONVERSION = YES;
				CLANG_WARN_DEPRECATED_OBJC_IMPLEMENTATIONS = YES;
				CLANG_WARN_DIRECT_OBJC_ISA_USAGE = YES_ERROR;
				CLANG_WARN_DOCUMENTATION_COMMENTS = YES;
				CLANG_WARN_EMPTY_BODY = YES;
				CLANG_WARN_ENUM_CONVERSION = YES;
				CLANG_WARN_INFINITE_RECURSION = YES;
				CLANG_WARN_INT_CONVERSION = YES;
				CLANG_WARN_NON_LITERAL_NULL_CONVERSION = YES;
				CLANG_WARN_OBJC_IMPLICIT_RETAIN_SELF = YES;
				CLANG_WARN_OBJC_LITERAL_CONVERSION = YES;
				CLANG_WARN_OBJC_ROOT_CLASS = YES_ERROR;
				CLANG_WARN_RANGE_LOOP_ANALYSIS = YES;
				CLANG_WARN_STRICT_PROTOTYPES = YES;
				CLANG_WARN_SUSPICIOUS_MOVE = YES;
				CLANG_WARN_UNGUARDED_AVAILABILITY = YES_AGGRESSIVE;
				CLANG_WARN_UNREACHABLE_CODE = YES;
				CLANG_WARN__DUPLICATE_METHOD_MATCH = YES;
				CODE_SIGN_IDENTITY = "iPhone Developer";
				COPY_PHASE_STRIP = NO;
				DEBUG_INFORMATION_FORMAT = dwarf;
				ENABLE_STRICT_OBJC_MSGSEND = YES;
				ENABLE_TESTABILITY = YES;
				GCC_C_LANGUAGE_STANDARD = gnu11;
				GCC_DYNAMIC_NO_PIC = NO;
				GCC_NO_COMMON_BLOCKS = YES;
				GCC_OPTIMIZATION_LEVEL = 0;
				GCC_PREPROCESSOR_DEFINITIONS = (
					"DEBUG=1",
					"$(inherited)",
				);
				GCC_WARN_64_TO_32_BIT_CONVERSION = YES;
				GCC_WARN_ABOUT_RETURN_TYPE = YES_ERROR;
				GCC_WARN_UNDECLARED_SELECTOR = YES;
				GCC_WARN_UNINITIALIZED_AUTOS = YES_AGGRESSIVE;
				GCC_WARN_UNUSED_FUNCTION = YES;
				GCC_WARN_UNUSED_VARIABLE = YES;
				IPHONEOS_DEPLOYMENT_TARGET = 12.2;
				MTL_ENABLE_DEBUG_INFO = INCLUDE_SOURCE;
				MTL_FAST_MATH = YES;
				ONLY_ACTIVE_ARCH = YES;
				SDKROOT = iphoneos;
				SWIFT_ACTIVE_COMPILATION_CONDITIONS = DEBUG;
				SWIFT_OPTIMIZATION_LEVEL = "-Onone";
			};
			name = Debug;
		};
		C409D43622598BD600C7618C /* Release */ = {
			isa = XCBuildConfiguration;
			buildSettings = {
				ALWAYS_SEARCH_USER_PATHS = NO;
				CLANG_ANALYZER_NONNULL = YES;
				CLANG_ANALYZER_NUMBER_OBJECT_CONVERSION = YES_AGGRESSIVE;
				CLANG_CXX_LANGUAGE_STANDARD = "gnu++14";
				CLANG_CXX_LIBRARY = "libc++";
				CLANG_ENABLE_MODULES = YES;
				CLANG_ENABLE_OBJC_ARC = YES;
				CLANG_ENABLE_OBJC_WEAK = YES;
				CLANG_WARN_BLOCK_CAPTURE_AUTORELEASING = YES;
				CLANG_WARN_BOOL_CONVERSION = YES;
				CLANG_WARN_COMMA = YES;
				CLANG_WARN_CONSTANT_CONVERSION = YES;
				CLANG_WARN_DEPRECATED_OBJC_IMPLEMENTATIONS = YES;
				CLANG_WARN_DIRECT_OBJC_ISA_USAGE = YES_ERROR;
				CLANG_WARN_DOCUMENTATION_COMMENTS = YES;
				CLANG_WARN_EMPTY_BODY = YES;
				CLANG_WARN_ENUM_CONVERSION = YES;
				CLANG_WARN_INFINITE_RECURSION = YES;
				CLANG_WARN_INT_CONVERSION = YES;
				CLANG_WARN_NON_LITERAL_NULL_CONVERSION = YES;
				CLANG_WARN_OBJC_IMPLICIT_RETAIN_SELF = YES;
				CLANG_WARN_OBJC_LITERAL_CONVERSION = YES;
				CLANG_WARN_OBJC_ROOT_CLASS = YES_ERROR;
				CLANG_WARN_RANGE_LOOP_ANALYSIS = YES;
				CLANG_WARN_STRICT_PROTOTYPES = YES;
				CLANG_WARN_SUSPICIOUS_MOVE = YES;
				CLANG_WARN_UNGUARDED_AVAILABILITY = YES_AGGRESSIVE;
				CLANG_WARN_UNREACHABLE_CODE = YES;
				CLANG_WARN__DUPLICATE_METHOD_MATCH = YES;
				CODE_SIGN_IDENTITY = "iPhone Developer";
				COPY_PHASE_STRIP = NO;
				DEBUG_INFORMATION_FORMAT = "dwarf-with-dsym";
				ENABLE_NS_ASSERTIONS = NO;
				ENABLE_STRICT_OBJC_MSGSEND = YES;
				GCC_C_LANGUAGE_STANDARD = gnu11;
				GCC_NO_COMMON_BLOCKS = YES;
				GCC_WARN_64_TO_32_BIT_CONVERSION = YES;
				GCC_WARN_ABOUT_RETURN_TYPE = YES_ERROR;
				GCC_WARN_UNDECLARED_SELECTOR = YES;
				GCC_WARN_UNINITIALIZED_AUTOS = YES_AGGRESSIVE;
				GCC_WARN_UNUSED_FUNCTION = YES;
				GCC_WARN_UNUSED_VARIABLE = YES;
				IPHONEOS_DEPLOYMENT_TARGET = 12.2;
				MTL_ENABLE_DEBUG_INFO = NO;
				MTL_FAST_MATH = YES;
				SDKROOT = iphoneos;
				SWIFT_COMPILATION_MODE = wholemodule;
				SWIFT_OPTIMIZATION_LEVEL = "-O";
				VALIDATE_PRODUCT = YES;
			};
			name = Release;
		};
		C409D43822598BD600C7618C /* Debug */ = {
			isa = XCBuildConfiguration;
			baseConfigurationReference = 6069375710A5331FCA542240 /* Pods-CustomDelegates.debug.xcconfig */;
			buildSettings = {
				ASSETCATALOG_COMPILER_APPICON_NAME = AppIcon;
				CODE_SIGN_STYLE = Automatic;
				DEVELOPMENT_TEAM = 8FEPG5HWR5;
				INFOPLIST_FILE = CustomDelegates/Info.plist;
				LD_RUNPATH_SEARCH_PATHS = (
					"$(inherited)",
					"@executable_path/Frameworks",
				);
				PRODUCT_BUNDLE_IDENTIFIER = com.timng.CustomDelegates;
				PRODUCT_NAME = "$(TARGET_NAME)";
				SWIFT_VERSION = 5.0;
				TARGETED_DEVICE_FAMILY = "1,2";
			};
			name = Debug;
		};
		C409D43922598BD600C7618C /* Release */ = {
			isa = XCBuildConfiguration;
			baseConfigurationReference = 6F50EA7FB9A81A4D617E14DA /* Pods-CustomDelegates.release.xcconfig */;
			buildSettings = {
				ASSETCATALOG_COMPILER_APPICON_NAME = AppIcon;
				CODE_SIGN_STYLE = Automatic;
				DEVELOPMENT_TEAM = 8FEPG5HWR5;
				INFOPLIST_FILE = CustomDelegates/Info.plist;
				LD_RUNPATH_SEARCH_PATHS = (
					"$(inherited)",
					"@executable_path/Frameworks",
				);
				PRODUCT_BUNDLE_IDENTIFIER = com.timng.CustomDelegates;
				PRODUCT_NAME = "$(TARGET_NAME)";
				SWIFT_VERSION = 5.0;
				TARGETED_DEVICE_FAMILY = "1,2";
			};
			name = Release;
		};
/* End XCBuildConfiguration section */

/* Begin XCConfigurationList section */
		C409D42022598BD500C7618C /* Build configuration list for PBXProject "CustomDelegates" */ = {
			isa = XCConfigurationList;
			buildConfigurations = (
				C409D43522598BD600C7618C /* Debug */,
				C409D43622598BD600C7618C /* Release */,
			);
			defaultConfigurationIsVisible = 0;
			defaultConfigurationName = Release;
		};
		C409D43722598BD600C7618C /* Build configuration list for PBXNativeTarget "CustomDelegates" */ = {
			isa = XCConfigurationList;
			buildConfigurations = (
				C409D43822598BD600C7618C /* Debug */,
				C409D43922598BD600C7618C /* Release */,
			);
			defaultConfigurationIsVisible = 0;
			defaultConfigurationName = Release;
		};
/* End XCConfigurationList section */
	};
	rootObject = C409D41D22598BD500C7618C /* Project object */;
}
